{
  "name": "ChocolateStore",
  "lockfileVersion": 3,
  "requires": true,
  "packages": {
    "": {
      "dependencies": {
        "ngx-mask": "^17.0.4"
      }
    },
    "node_modules/@angular/common": {
      "version": "17.2.4",
      "resolved": "https://registry.npmjs.org/@angular/common/-/common-17.2.4.tgz",
      "integrity": "sha512-ymzDHZPQWpBKVQ7lPZucU+vBSb70Re6y5TKzkOX7oYE8Z1+tiNGLvfmzGsO2/N0lvwyZWXjkdXYEDON2hIlZ1Q==",
      "peer": true,
      "dependencies": {
        "tslib": "^2.3.0"
      },
      "engines": {
        "node": "^18.13.0 || >=20.9.0"
      },
      "peerDependencies": {
        "@angular/core": "17.2.4",
        "rxjs": "^6.5.3 || ^7.4.0"
      }
    },
    "node_modules/@angular/core": {
      "version": "17.2.4",
      "resolved": "https://registry.npmjs.org/@angular/core/-/core-17.2.4.tgz",
      "integrity": "sha512-5Bko+vk7H1Ce57MHuRcpZtq2Srq5euufSvwg0piPozp0yYmCqNoYN7c128kgi6PbiPQeAnKRzRbEuYd1YCU4Tw==",
      "peer": true,
      "dependencies": {
        "tslib": "^2.3.0"
      },
      "engines": {
        "node": "^18.13.0 || >=20.9.0"
      },
      "peerDependencies": {
        "rxjs": "^6.5.3 || ^7.4.0",
        "zone.js": "~0.14.0"
      }
    },
    "node_modules/@angular/forms": {
      "version": "17.2.4",
      "resolved": "https://registry.npmjs.org/@angular/forms/-/forms-17.2.4.tgz",
      "integrity": "sha512-flubCxK6Rc1YmAu23+o+NwqaIWbJ4MIYij05b1GlpRKB5GRX6M0fOl7uRHZmA6dC4xZGt/MUklRqb71T7dJ5JQ==",
      "peer": true,
      "dependencies": {
        "tslib": "^2.3.0"
      },
      "engines": {
        "node": "^18.13.0 || >=20.9.0"
      },
      "peerDependencies": {
        "@angular/common": "17.2.4",
        "@angular/core": "17.2.4",
        "@angular/platform-browser": "17.2.4",
        "rxjs": "^6.5.3 || ^7.4.0"
      }
    },
    "node_modules/@angular/platform-browser": {
      "version": "17.2.4",
      "resolved": "https://registry.npmjs.org/@angular/platform-browser/-/platform-browser-17.2.4.tgz",
      "integrity": "sha512-A1jkx4ApIx76VDxm8UZLKEq+gwpKZb4qjzCTBDfjOpXB0MJQ5IaYdCrV0E/vPCKZhIfjbEHK+9H1vHRYDCcXtA==",
      "peer": true,
      "dependencies": {
        "tslib": "^2.3.0"
      },
      "engines": {
        "node": "^18.13.0 || >=20.9.0"
      },
      "peerDependencies": {
        "@angular/animations": "17.2.4",
        "@angular/common": "17.2.4",
        "@angular/core": "17.2.4"
      },
      "peerDependenciesMeta": {
        "@angular/animations": {
          "optional": true
        }
      }
    },
    "node_modules/ngx-mask": {
      "version": "17.0.4",
      "resolved": "https://registry.npmjs.org/ngx-mask/-/ngx-mask-17.0.4.tgz",
      "integrity": "sha512-Rfox/zLIcuEc+t8xGvDYL83KYw0P80Ctvx+uy3v/F901XLhzEXKEgPOEFRKNkQu4Eu5Y7SjnX44mGdk/1cqh3w==",
      "dependencies": {
        "tslib": "^2.3.0"
      },
      "peerDependencies": {
        "@angular/common": ">=14.0.0",
        "@angular/core": ">=14.0.0",
        "@angular/forms": ">=14.0.0"
      }
    },
    "node_modules/rxjs": {
      "version": "7.8.1",
      "resolved": "https://registry.npmjs.org/rxjs/-/rxjs-7.8.1.tgz",
      "integrity": "sha512-AA3TVj+0A2iuIoQkWEK/tqFjBq2j+6PO6Y0zJcvzLAFhEFIO3HL0vls9hWLncZbAAbK0mar7oZ4V079I/qPMxg==",
      "peer": true,
      "dependencies": {
        "tslib": "^2.1.0"
      }
    },
    "node_modules/tslib": {
      "version": "2.6.2",
      "resolved": "https://registry.npmjs.org/tslib/-/tslib-2.6.2.tgz",
      "integrity": "sha512-AEYxH93jGFPn/a2iVAwW87VuUIkR1FVUKB77NwMF7nBTDkDrrT/Hpt/IrCJ0QXhW27jTBDcf5ZY7w6RiqTMw2Q=="
    },
    "node_modules/zone.js": {
      "version": "0.14.4",
      "resolved": "https://registry.npmjs.org/zone.js/-/zone.js-0.14.4.tgz",
      "integrity": "sha512-NtTUvIlNELez7Q1DzKVIFZBzNb646boQMgpATo9z3Ftuu/gWvzxCW7jdjcUDoRGxRikrhVHB/zLXh1hxeJawvw==",
      "peer": true,
      "dependencies": {
        "tslib": "^2.3.0"
      }
    }
  }
}
